
Microsoft Visual Studio Solution File, Format Version 12.00
# Visual Studio 15
VisualStudioVersion = 15.0.27703.2000
MinimumVisualStudioVersion = 10.0.40219.1
Project("{FAE04EC0-301F-11D3-BF4B-00C04F79EFBC}") = "WebApp", "WebApp\WebApp.csproj", "{37037DA1-36EE-40DA-9783-54FCF7997CED}"
EndProject
Project("{FAE04EC0-301F-11D3-BF4B-00C04F79EFBC}") = "Northwind.Data", "Northwind.Data\Northwind.Data.csproj", "{060CB575-1C9B-4D43-9AD4-A4A349AC2189}"
EndProject
Project("{FAE04EC0-301F-11D3-BF4B-00C04F79EFBC}") = "NorthwindSystem", "NorthwindSystem\NorthwindSystem.csproj", "{C44C8CD8-0952-43F8-8E53-46059073B511}"
EndProject
Global
	GlobalSection(SolutionConfigurationPlatforms) = preSolution
		Debug|Any CPU = Debug|Any CPU
		Release|Any CPU = Release|Any CPU
	EndGlobalSection
	GlobalSection(ProjectConfigurationPlatforms) = postSolution
		{37037DA1-36EE-40DA-9783-54FCF7997CED}.Debug|Any CPU.ActiveCfg = Debug|Any CPU
		{37037DA1-36EE-40DA-9783-54FCF7997CED}.Debug|Any CPU.Build.0 = Debug|Any CPU
		{37037DA1-36EE-40DA-9783-54FCF7997CED}.Release|Any CPU.ActiveCfg = Release|Any CPU
		{37037DA1-36EE-40DA-9783-54FCF7997CED}.Release|Any CPU.Build.0 = Release|Any CPU
		{060CB575-1C9B-4D43-9AD4-A4A349AC2189}.Debug|Any CPU.ActiveCfg = Debug|Any CPU
		{060CB575-1C9B-4D43-9AD4-A4A349AC2189}.Debug|Any CPU.Build.0 = Debug|Any CPU
		{060CB575-1C9B-4D43-9AD4-A4A349AC2189}.Release|Any CPU.ActiveCfg = Release|Any CPU
		{060CB575-1C9B-4D43-9AD4-A4A349AC2189}.Release|Any CPU.Build.0 = Release|Any CPU
		{C44C8CD8-0952-43F8-8E53-46059073B511}.Debug|Any CPU.ActiveCfg = Debug|Any CPU
		{C44C8CD8-0952-43F8-8E53-46059073B511}.Debug|Any CPU.Build.0 = Debug|Any CPU
		{C44C8CD8-0952-43F8-8E53-46059073B511}.Release|Any CPU.ActiveCfg = Release|Any CPU
		{C44C8CD8-0952-43F8-8E53-46059073B511}.Release|Any CPU.Build.0 = Release|Any CPU
	EndGlobalSection
	GlobalSection(SolutionProperties) = preSolution
		HideSolutionNode = FALSE
	EndGlobalSection
	GlobalSection(ExtensibilityGlobals) = postSolution
		SolutionGuid = {B428195D-88EB-4B87-B764-B96DCE682CDA}
	EndGlobalSection
EndGlobal
