
Microsoft Visual Studio Solution File, Format Version 12.00
# Visual Studio 15
VisualStudioVersion = 15.0.27703.2000
MinimumVisualStudioVersion = 10.0.40219.1
Project("{FAE04EC0-301F-11D3-BF4B-00C04F79EFBC}") = "OOPsDriver", "OOPsDriver\OOPsDriver.csproj", "{A9F3ED57-4A90-43C3-BEF4-E6170B04D55D}"
EndProject
Global
	GlobalSection(SolutionConfigurationPlatforms) = preSolution
		Debug|Any CPU = Debug|Any CPU
		Release|Any CPU = Release|Any CPU
	EndGlobalSection
	GlobalSection(ProjectConfigurationPlatforms) = postSolution
		{A9F3ED57-4A90-43C3-BEF4-E6170B04D55D}.Debug|Any CPU.ActiveCfg = Debug|Any CPU
		{A9F3ED57-4A90-43C3-BEF4-E6170B04D55D}.Debug|Any CPU.Build.0 = Debug|Any CPU
		{A9F3ED57-4A90-43C3-BEF4-E6170B04D55D}.Release|Any CPU.ActiveCfg = Release|Any CPU
		{A9F3ED57-4A90-43C3-BEF4-E6170B04D55D}.Release|Any CPU.Build.0 = Release|Any CPU
	EndGlobalSection
	GlobalSection(SolutionProperties) = preSolution
		HideSolutionNode = FALSE
	EndGlobalSection
	GlobalSection(ExtensibilityGlobals) = postSolution
		SolutionGuid = {5AD11345-97D5-4A4F-9E4B-4D2B124B36BB}
	EndGlobalSection
EndGlobal
